
Microsoft Visual Studio Solution File, Format Version 12.00
# Visual Studio Version 16
VisualStudioVersion = 16.0.29920.165
MinimumVisualStudioVersion = 10.0.40219.1
Project("{FAE04EC0-301F-11D3-BF4B-00C04F79EFBC}") = "Pen Shop.Android", "Pen Shop\Pen Shop.Android\Pen Shop.Android.csproj", "{6AFF5FD9-2FFA-4774-A42A-7929ECAEDFDC}"
EndProject
Project("{FAE04EC0-301F-11D3-BF4B-00C04F79EFBC}") = "Pen Shop", "Pen Shop\Pen Shop\Pen Shop.csproj", "{5F430395-044C-43FA-84C2-61F158D6EAFB}"
EndProject
Global
	GlobalSection(SolutionConfigurationPlatforms) = preSolution
		Debug|Any CPU = Debug|Any CPU
		Release|Any CPU = Release|Any CPU
	EndGlobalSection
	GlobalSection(ProjectConfigurationPlatforms) = postSolution
		{6AFF5FD9-2FFA-4774-A42A-7929ECAEDFDC}.Debug|Any CPU.ActiveCfg = Debug|Any CPU
		{6AFF5FD9-2FFA-4774-A42A-7929ECAEDFDC}.Debug|Any CPU.Build.0 = Debug|Any CPU
		{6AFF5FD9-2FFA-4774-A42A-7929ECAEDFDC}.Debug|Any CPU.Deploy.0 = Debug|Any CPU
		{6AFF5FD9-2FFA-4774-A42A-7929ECAEDFDC}.Release|Any CPU.ActiveCfg = Release|Any CPU
		{6AFF5FD9-2FFA-4774-A42A-7929ECAEDFDC}.Release|Any CPU.Build.0 = Release|Any CPU
		{6AFF5FD9-2FFA-4774-A42A-7929ECAEDFDC}.Release|Any CPU.Deploy.0 = Release|Any CPU
		{5F430395-044C-43FA-84C2-61F158D6EAFB}.Debug|Any CPU.ActiveCfg = Debug|Any CPU
		{5F430395-044C-43FA-84C2-61F158D6EAFB}.Debug|Any CPU.Build.0 = Debug|Any CPU
		{5F430395-044C-43FA-84C2-61F158D6EAFB}.Debug|Any CPU.Deploy.0 = Debug|Any CPU
		{5F430395-044C-43FA-84C2-61F158D6EAFB}.Release|Any CPU.ActiveCfg = Release|Any CPU
		{5F430395-044C-43FA-84C2-61F158D6EAFB}.Release|Any CPU.Build.0 = Release|Any CPU
		{5F430395-044C-43FA-84C2-61F158D6EAFB}.Release|Any CPU.Deploy.0 = Release|Any CPU
	EndGlobalSection
	GlobalSection(SolutionProperties) = preSolution
		HideSolutionNode = FALSE
	EndGlobalSection
	GlobalSection(ExtensibilityGlobals) = postSolution
		SolutionGuid = {6791E688-F064-4254-A80C-9C2C1C0D02AF}
	EndGlobalSection
EndGlobal
